PODS:
  - Pbind (1.6.2)
  - PBKit (0.5.6):
    - Pbind
    - PBKit/PBAnimation (= 0.5.6)
    - PBKit/PBDropdownMenu (= 0.5.6)
    - PBKit/PBImageView (= 0.5.6)
  - PBKit/PBAnimation (0.5.6):
    - Pbind
  - PBKit/PBDropdownMenu (0.5.6):
    - Pbind
  - PBKit/PBImageView (0.5.6):
    - Pbind

DEPENDENCIES:
  - Pbind (from `/Users/galen/Projects/github/wequick/Pbind`)
  - PBKit (from `../`)

EXTERNAL SOURCES:
  Pbind:
    :path: /Users/galen/Projects/github/wequick/Pbind
  PBKit:
    :path: ../

SPEC CHECKSUMS:
  Pbind: 6dc8dfc9bbb735375a8714e8e296d7f544ccfe3b
  PBKit: 7496bd90c5ea2e813d4df1c2eeb5d60119b307f7

PODFILE CHECKSUM: 4ee9aa27cd5c1659c0676569ad405ed8639fcf4b

COCOAPODS: 1.3.1
