PODS:
  - FBSnapshotTestCase (2.1.2):
    - FBSnapshotTestCase/SwiftSupport (= 2.1.2)
  - FBSnapshotTestCase/Core (2.1.2)
  - FBSnapshotTestCase/SwiftSupport (2.1.2):
    - FBSnapshotTestCase/Core
  - Kiwi (2.4.0)
  - Pbind (0.8.0)
  - PBKit (0.1.1):
    - Pbind
    - PBKit/PBDropdownMenu (= 0.1.1)
  - PBKit/PBDropdownMenu (0.1.1):
    - Pbind

DEPENDENCIES:
  - FBSnapshotTestCase
  - Kiwi
  - PBKit (from `../`)

EXTERNAL SOURCES:
  PBKit:
    :path: "../"

SPEC CHECKSUMS:
  FBSnapshotTestCase: 918c55861356ee83aee7843d759f55a18ff6982b
  Kiwi: f49c9d54b28917df5928fe44968a39ed198cb8a8
  Pbind: faa44504244a1dd3d8d48ea91ee67b8196c7133c
  PBKit: cf13073c970da6c07ddbc72a2eaf8189122a639b

PODFILE CHECKSUM: a6bcf07fe54bc3a829b3e066e44e649d0bd6df3d

COCOAPODS: 1.2.0.beta.1
