// !$*UTF8*$!
{
	archiveVersion = 1;
	classes = {
	};
	objectVersion = 46;
	objects = {

/* Begin PBXBuildFile section */
		14433CF8D165B5D08588DD2D /* PBDirectoryWatcher.h in Headers */ = {isa = PBXBuildFile; fileRef = 315ECDCD78D3A1598F4886E2 /* PBDirectoryWatcher.h */; };
		1FD9E2C1D7A7E2463AABAF89 /* PBLLRemoteWatcher.m in Sources */ = {isa = PBXBuildFile; fileRef = 8784DA43633E389DE979A138 /* PBLLRemoteWatcher.m */; };
		2162671B6DF70C87773BDF0A /* NSInputStream+Reader.m in Sources */ = {isa = PBXBuildFile; fileRef = 4DB9C5266311B31DF62880E9 /* NSInputStream+Reader.m */; };
		3CBB5A6DED2401BAFD8F16C5 /* PBDirectoryWatcher.m in Sources */ = {isa = PBXBuildFile; fileRef = 60EB3AD01943F02BC4FFDC95 /* PBDirectoryWatcher.m */; };
		41F33EC45547CB9C814683DC /* PBLLInspector.m in Sources */ = {isa = PBXBuildFile; fileRef = 57426020ED3024191348E253 /* PBLLInspector.m */; };
		4390AE2D65FFA48A6F9C7673 /* PBLLInspectorController.h in Headers */ = {isa = PBXBuildFile; fileRef = 0B8712CCCA7BC80B709BCC46 /* PBLLInspectorController.h */; };
		5EC7AB6102C91C5F8B7EE2FC /* PBLiveLoader.m in Sources */ = {isa = PBXBuildFile; fileRef = EB50673C6995039DB4F0215D /* PBLiveLoader.m */; };
		6003F58E195388D20070C39A /* Foundation.framework in Frameworks */ = {isa = PBXBuildFile; fileRef = 6003F58D195388D20070C39A /* Foundation.framework */; };
		6003F590195388D20070C39A /* CoreGraphics.framework in Frameworks */ = {isa = PBXBuildFile; fileRef = 6003F58F195388D20070C39A /* CoreGraphics.framework */; };
		6003F592195388D20070C39A /* UIKit.framework in Frameworks */ = {isa = PBXBuildFile; fileRef = 6003F591195388D20070C39A /* UIKit.framework */; };
		6003F598195388D20070C39A /* InfoPlist.strings in Resources */ = {isa = PBXBuildFile; fileRef = 6003F596195388D20070C39A /* InfoPlist.strings */; };
		6003F59A195388D20070C39A /* main.m in Sources */ = {isa = PBXBuildFile; fileRef = 6003F599195388D20070C39A /* main.m */; };
		6003F59E195388D20070C39A /* PBAppDelegate.m in Sources */ = {isa = PBXBuildFile; fileRef = 6003F59D195388D20070C39A /* PBAppDelegate.m */; };
		6003F5A7195388D20070C39A /* PBExampleViewController.m in Sources */ = {isa = PBXBuildFile; fileRef = 6003F5A6195388D20070C39A /* PBExampleViewController.m */; };
		6003F5A9195388D20070C39A /* Images.xcassets in Resources */ = {isa = PBXBuildFile; fileRef = 6003F5A8195388D20070C39A /* Images.xcassets */; };
		6003F5B0195388D20070C39A /* XCTest.framework in Frameworks */ = {isa = PBXBuildFile; fileRef = 6003F5AF195388D20070C39A /* XCTest.framework */; };
		6003F5B1195388D20070C39A /* Foundation.framework in Frameworks */ = {isa = PBXBuildFile; fileRef = 6003F58D195388D20070C39A /* Foundation.framework */; };
		6003F5B2195388D20070C39A /* UIKit.framework in Frameworks */ = {isa = PBXBuildFile; fileRef = 6003F591195388D20070C39A /* UIKit.framework */; };
		6003F5BA195388D20070C39A /* InfoPlist.strings in Resources */ = {isa = PBXBuildFile; fileRef = 6003F5B8195388D20070C39A /* InfoPlist.strings */; };
		6003F5BC195388D20070C39A /* Tests.m in Sources */ = {isa = PBXBuildFile; fileRef = 6003F5BB195388D20070C39A /* Tests.m */; };
		70A2C7E1055FEB7D6AC8A95B /* PBSimulatorEnviroment.h in Headers */ = {isa = PBXBuildFile; fileRef = 8D43472D8A8334EA6756F37A /* PBSimulatorEnviroment.h */; };
		7FA643CFF780060E96B5DB4E /* NSInputStream+Reader.h in Headers */ = {isa = PBXBuildFile; fileRef = C68C26B8C64A02C3E2D37483 /* NSInputStream+Reader.h */; };
		873B8AEB1B1F5CCA007FD442 /* Main.storyboard in Resources */ = {isa = PBXBuildFile; fileRef = 873B8AEA1B1F5CCA007FD442 /* Main.storyboard */; };
		882480C2505BA8DAA48348F0 /* PBLLRemoteWatcher.h in Headers */ = {isa = PBXBuildFile; fileRef = 5A14B0B0BA76FE557837A5E6 /* PBLLRemoteWatcher.h */; };
		8C81F0B941433E8D2E2E82FD /* PBLiveLoader.h in Headers */ = {isa = PBXBuildFile; fileRef = 439758251D9A88584AEAAEE1 /* PBLiveLoader.h */; };
		BF0E5048D417F0308987EB50 /* PBLLInspectorController.m in Sources */ = {isa = PBXBuildFile; fileRef = 06EC0B79B25C47D4F34216AF /* PBLLInspectorController.m */; };
		E2BD4FD007BF562C067AF12F /* Pods_PBKit_Example.framework in Frameworks */ = {isa = PBXBuildFile; fileRef = D5F79C7130869A48C8A9EAF5 /* Pods_PBKit_Example.framework */; };
		E5198386C8A26A97C25C64ED /* ignore.h in Headers */ = {isa = PBXBuildFile; fileRef = 683072B22C6E964C6ECA9A10 /* ignore.h */; };
		F85237A6204AE6A300E498FB /* example.anim.action.plist in Resources */ = {isa = PBXBuildFile; fileRef = F85237A5204AE6A300E498FB /* example.anim.action.plist */; };
		F85237A8204AE6D400E498FB /* anim.zoom.in.plist in Resources */ = {isa = PBXBuildFile; fileRef = F85237A7204AE6D400E498FB /* anim.zoom.in.plist */; };
		F85237AA204AE74D00E498FB /* anim.move.right.plist in Resources */ = {isa = PBXBuildFile; fileRef = F85237A9204AE74D00E498FB /* anim.move.right.plist */; };
		F85237AC204AE83000E498FB /* anim.zoom.out.plist in Resources */ = {isa = PBXBuildFile; fileRef = F85237AB204AE83000E498FB /* anim.zoom.out.plist */; };
		F85237AE204AE88D00E498FB /* anim.move.left.plist in Resources */ = {isa = PBXBuildFile; fileRef = F85237AD204AE88D00E498FB /* anim.move.left.plist */; };
		F85237B0204AF02700E498FB /* anim.transition.plist in Resources */ = {isa = PBXBuildFile; fileRef = F85237AF204AF02700E498FB /* anim.transition.plist */; };
		F85237B5204B0C1E00E498FB /* view.example.plist in Resources */ = {isa = PBXBuildFile; fileRef = F85237B4204B0C1E00E498FB /* view.example.plist */; };
		F89500B91D877B710038A3E5 /* PBDropdown.plist in Resources */ = {isa = PBXBuildFile; fileRef = F89500B81D877B710038A3E5 /* PBDropdown.plist */; };
		F9D21C9B25CAD9271A357128 /* PBLLInspector.h in Headers */ = {isa = PBXBuildFile; fileRef = 87845B66B092F3E069DD03DF /* PBLLInspector.h */; };
/* End PBXBuildFile section */

/* Begin PBXContainerItemProxy section */
		6003F5B3195388D20070C39A /* PBXContainerItemProxy */ = {
			isa = PBXContainerItemProxy;
			containerPortal = 6003F582195388D10070C39A /* Project object */;
			proxyType = 1;
			remoteGlobalIDString = 6003F589195388D20070C39A;
			remoteInfo = PBKit;
		};
/* End PBXContainerItemProxy section */

/* Begin PBXFileReference section */
		06EC0B79B25C47D4F34216AF /* PBLLInspectorController.m */ = {isa = PBXFileReference; includeInIndex = 1; lastKnownFileType = sourcecode.c.objc; name = PBLLInspectorController.m; path = PBLiveLoader/PBLLInspectorController.m; sourceTree = "<group>"; };
		0B8712CCCA7BC80B709BCC46 /* PBLLInspectorController.h */ = {isa = PBXFileReference; includeInIndex = 1; lastKnownFileType = sourcecode.c.h; name = PBLLInspectorController.h; path = PBLiveLoader/PBLLInspectorController.h; sourceTree = "<group>"; };
		17811D383F1D1D927B3D2AF0 /* Pods-PBKit_Example.release.xcconfig */ = {isa = PBXFileReference; includeInIndex = 1; lastKnownFileType = text.xcconfig; name = "Pods-PBKit_Example.release.xcconfig"; path = "Pods/Target Support Files/Pods-PBKit_Example/Pods-PBKit_Example.release.xcconfig"; sourceTree = "<group>"; };
		315ECDCD78D3A1598F4886E2 /* PBDirectoryWatcher.h */ = {isa = PBXFileReference; includeInIndex = 1; lastKnownFileType = sourcecode.c.h; name = PBDirectoryWatcher.h; path = PBLiveLoader/PBDirectoryWatcher.h; sourceTree = "<group>"; };
		318AC3B8CC81F9454DFD4329 /* Pods_PBKit_Tests.framework */ = {isa = PBXFileReference; explicitFileType = wrapper.framework; includeInIndex = 0; path = Pods_PBKit_Tests.framework; sourceTree = BUILT_PRODUCTS_DIR; };
		439758251D9A88584AEAAEE1 /* PBLiveLoader.h */ = {isa = PBXFileReference; includeInIndex = 1; lastKnownFileType = sourcecode.c.h; name = PBLiveLoader.h; path = PBLiveLoader/PBLiveLoader.h; sourceTree = "<group>"; };
		4DB9C5266311B31DF62880E9 /* NSInputStream+Reader.m */ = {isa = PBXFileReference; includeInIndex = 1; lastKnownFileType = sourcecode.c.objc; name = "NSInputStream+Reader.m"; path = "PBLiveLoader/NSInputStream+Reader.m"; sourceTree = "<group>"; };
		57426020ED3024191348E253 /* PBLLInspector.m */ = {isa = PBXFileReference; includeInIndex = 1; lastKnownFileType = sourcecode.c.objc; name = PBLLInspector.m; path = PBLiveLoader/PBLLInspector.m; sourceTree = "<group>"; };
		5A14B0B0BA76FE557837A5E6 /* PBLLRemoteWatcher.h */ = {isa = PBXFileReference; includeInIndex = 1; lastKnownFileType = sourcecode.c.h; name = PBLLRemoteWatcher.h; path = PBLiveLoader/PBLLRemoteWatcher.h; sourceTree = "<group>"; };
		5EB58A61811D272EE32235B6 /* README.md */ = {isa = PBXFileReference; includeInIndex = 1; lastKnownFileType = net.daringfireball.markdown; name = README.md; path = ../README.md; sourceTree = "<group>"; };
		5F4BD8408EF317DF3CF06C9D /* PBKit.podspec */ = {isa = PBXFileReference; includeInIndex = 1; lastKnownFileType = text; name = PBKit.podspec; path = ../PBKit.podspec; sourceTree = "<group>"; };
		6003F58A195388D20070C39A /* PBKit_Example.app */ = {isa = PBXFileReference; explicitFileType = wrapper.application; includeInIndex = 0; path = PBKit_Example.app; sourceTree = BUILT_PRODUCTS_DIR; };
		6003F58D195388D20070C39A /* Foundation.framework */ = {isa = PBXFileReference; lastKnownFileType = wrapper.framework; name = Foundation.framework; path = System/Library/Frameworks/Foundation.framework; sourceTree = SDKROOT; };
		6003F58F195388D20070C39A /* CoreGraphics.framework */ = {isa = PBXFileReference; lastKnownFileType = wrapper.framework; name = CoreGraphics.framework; path = System/Library/Frameworks/CoreGraphics.framework; sourceTree = SDKROOT; };
		6003F591195388D20070C39A /* UIKit.framework */ = {isa = PBXFileReference; lastKnownFileType = wrapper.framework; name = UIKit.framework; path = System/Library/Frameworks/UIKit.framework; sourceTree = SDKROOT; };
		6003F595195388D20070C39A /* PBKit-Info.plist */ = {isa = PBXFileReference; lastKnownFileType = text.plist.xml; path = "PBKit-Info.plist"; sourceTree = "<group>"; };
		6003F597195388D20070C39A /* en */ = {isa = PBXFileReference; lastKnownFileType = text.plist.strings; name = en; path = en.lproj/InfoPlist.strings; sourceTree = "<group>"; };
		6003F599195388D20070C39A /* main.m */ = {isa = PBXFileReference; lastKnownFileType = sourcecode.c.objc; path = main.m; sourceTree = "<group>"; };
		6003F59B195388D20070C39A /* PBKit-Prefix.pch */ = {isa = PBXFileReference; lastKnownFileType = sourcecode.c.h; path = "PBKit-Prefix.pch"; sourceTree = "<group>"; };
		6003F59C195388D20070C39A /* PBAppDelegate.h */ = {isa = PBXFileReference; lastKnownFileType = sourcecode.c.h; path = PBAppDelegate.h; sourceTree = "<group>"; };
		6003F59D195388D20070C39A /* PBAppDelegate.m */ = {isa = PBXFileReference; lastKnownFileType = sourcecode.c.objc; path = PBAppDelegate.m; sourceTree = "<group>"; };
		6003F5A5195388D20070C39A /* PBExampleViewController.h */ = {isa = PBXFileReference; lastKnownFileType = sourcecode.c.h; path = PBExampleViewController.h; sourceTree = "<group>"; };
		6003F5A6195388D20070C39A /* PBExampleViewController.m */ = {isa = PBXFileReference; lastKnownFileType = sourcecode.c.objc; path = PBExampleViewController.m; sourceTree = "<group>"; };
		6003F5A8195388D20070C39A /* Images.xcassets */ = {isa = PBXFileReference; lastKnownFileType = folder.assetcatalog; path = Images.xcassets; sourceTree = "<group>"; };
		6003F5AE195388D20070C39A /* PBKit_Tests.xctest */ = {isa = PBXFileReference; explicitFileType = wrapper.cfbundle; includeInIndex = 0; path = PBKit_Tests.xctest; sourceTree = BUILT_PRODUCTS_DIR; };
		6003F5AF195388D20070C39A /* XCTest.framework */ = {isa = PBXFileReference; lastKnownFileType = wrapper.framework; name = XCTest.framework; path = Library/Frameworks/XCTest.framework; sourceTree = DEVELOPER_DIR; };
		6003F5B7195388D20070C39A /* Tests-Info.plist */ = {isa = PBXFileReference; lastKnownFileType = text.plist.xml; path = "Tests-Info.plist"; sourceTree = "<group>"; };
		6003F5B9195388D20070C39A /* en */ = {isa = PBXFileReference; lastKnownFileType = text.plist.strings; name = en; path = en.lproj/InfoPlist.strings; sourceTree = "<group>"; };
		6003F5BB195388D20070C39A /* Tests.m */ = {isa = PBXFileReference; lastKnownFileType = sourcecode.c.objc; path = Tests.m; sourceTree = "<group>"; };
		606FC2411953D9B200FFA9A0 /* Tests-Prefix.pch */ = {isa = PBXFileReference; lastKnownFileType = sourcecode.c.h; path = "Tests-Prefix.pch"; sourceTree = "<group>"; };
		60EB3AD01943F02BC4FFDC95 /* PBDirectoryWatcher.m */ = {isa = PBXFileReference; includeInIndex = 1; lastKnownFileType = sourcecode.c.objc; name = PBDirectoryWatcher.m; path = PBLiveLoader/PBDirectoryWatcher.m; sourceTree = "<group>"; };
		683072B22C6E964C6ECA9A10 /* ignore.h */ = {isa = PBXFileReference; includeInIndex = 1; lastKnownFileType = sourcecode.c.h; name = ignore.h; path = PBLocalhost/ignore.h; sourceTree = "<group>"; };
		873B8AEA1B1F5CCA007FD442 /* Main.storyboard */ = {isa = PBXFileReference; fileEncoding = 4; lastKnownFileType = file.storyboard; path = Main.storyboard; sourceTree = "<group>"; };
		87845B66B092F3E069DD03DF /* PBLLInspector.h */ = {isa = PBXFileReference; includeInIndex = 1; lastKnownFileType = sourcecode.c.h; name = PBLLInspector.h; path = PBLiveLoader/PBLLInspector.h; sourceTree = "<group>"; };
		8784DA43633E389DE979A138 /* PBLLRemoteWatcher.m */ = {isa = PBXFileReference; includeInIndex = 1; lastKnownFileType = sourcecode.c.objc; name = PBLLRemoteWatcher.m; path = PBLiveLoader/PBLLRemoteWatcher.m; sourceTree = "<group>"; };
		8D43472D8A8334EA6756F37A /* PBSimulatorEnviroment.h */ = {isa = PBXFileReference; includeInIndex = 1; lastKnownFileType = sourcecode.c.h; name = PBSimulatorEnviroment.h; path = PBLiveLoader/PBSimulatorEnviroment.h; sourceTree = "<group>"; };
		9BD79D831155523CB3E87B9C /* Pods-PBKit_Example.debug.xcconfig */ = {isa = PBXFileReference; includeInIndex = 1; lastKnownFileType = text.xcconfig; name = "Pods-PBKit_Example.debug.xcconfig"; path = "Pods/Target Support Files/Pods-PBKit_Example/Pods-PBKit_Example.debug.xcconfig"; sourceTree = "<group>"; };
		C68C26B8C64A02C3E2D37483 /* NSInputStream+Reader.h */ = {isa = PBXFileReference; includeInIndex = 1; lastKnownFileType = sourcecode.c.h; name = "NSInputStream+Reader.h"; path = "PBLiveLoader/NSInputStream+Reader.h"; sourceTree = "<group>"; };
		D5F79C7130869A48C8A9EAF5 /* Pods_PBKit_Example.framework */ = {isa = PBXFileReference; explicitFileType = wrapper.framework; includeInIndex = 0; path = Pods_PBKit_Example.framework; sourceTree = BUILT_PRODUCTS_DIR; };
		E209452A476CD14D9B7450D2 /* LICENSE */ = {isa = PBXFileReference; includeInIndex = 1; lastKnownFileType = text; name = LICENSE; path = ../LICENSE; sourceTree = "<group>"; };
		EB50673C6995039DB4F0215D /* PBLiveLoader.m */ = {isa = PBXFileReference; includeInIndex = 1; lastKnownFileType = sourcecode.c.objc; name = PBLiveLoader.m; path = PBLiveLoader/PBLiveLoader.m; sourceTree = "<group>"; };
		F85237A5204AE6A300E498FB /* example.anim.action.plist */ = {isa = PBXFileReference; lastKnownFileType = text.plist.xml; path = example.anim.action.plist; sourceTree = "<group>"; };
		F85237A7204AE6D400E498FB /* anim.zoom.in.plist */ = {isa = PBXFileReference; lastKnownFileType = text.plist.xml; path = anim.zoom.in.plist; sourceTree = "<group>"; };
		F85237A9204AE74D00E498FB /* anim.move.right.plist */ = {isa = PBXFileReference; lastKnownFileType = text.plist.xml; path = anim.move.right.plist; sourceTree = "<group>"; };
		F85237AB204AE83000E498FB /* anim.zoom.out.plist */ = {isa = PBXFileReference; lastKnownFileType = text.plist.xml; path = anim.zoom.out.plist; sourceTree = "<group>"; };
		F85237AD204AE88D00E498FB /* anim.move.left.plist */ = {isa = PBXFileReference; lastKnownFileType = text.plist.xml; path = anim.move.left.plist; sourceTree = "<group>"; };
		F85237AF204AF02700E498FB /* anim.transition.plist */ = {isa = PBXFileReference; lastKnownFileType = text.plist.xml; path = anim.transition.plist; sourceTree = "<group>"; };
		F85237B4204B0C1E00E498FB /* view.example.plist */ = {isa = PBXFileReference; lastKnownFileType = text.plist.xml; path = view.example.plist; sourceTree = "<group>"; };
		F89500B81D877B710038A3E5 /* PBDropdown.plist */ = {isa = PBXFileReference; fileEncoding = 4; lastKnownFileType = text.plist.xml; path = PBDropdown.plist; sourceTree = "<group>"; };
/* End PBXFileReference section */

/* Begin PBXFrameworksBuildPhase section */
		6003F587195388D20070C39A /* Frameworks */ = {
			isa = PBXFrameworksBuildPhase;
			buildActionMask = 2147483647;
			files = (
				6003F590195388D20070C39A /* CoreGraphics.framework in Frameworks */,
				6003F592195388D20070C39A /* UIKit.framework in Frameworks */,
				6003F58E195388D20070C39A /* Foundation.framework in Frameworks */,
				E2BD4FD007BF562C067AF12F /* Pods_PBKit_Example.framework in Frameworks */,
			);
			runOnlyForDeploymentPostprocessing = 0;
		};
		6003F5AB195388D20070C39A /* Frameworks */ = {
			isa = PBXFrameworksBuildPhase;
			buildActionMask = 2147483647;
			files = (
				6003F5B0195388D20070C39A /* XCTest.framework in Frameworks */,
				6003F5B2195388D20070C39A /* UIKit.framework in Frameworks */,
				6003F5B1195388D20070C39A /* Foundation.framework in Frameworks */,
			);
			runOnlyForDeploymentPostprocessing = 0;
		};
/* End PBXFrameworksBuildPhase section */

/* Begin PBXGroup section */
		46AC141A2C254698B201B033 /* PBLocalhost */ = {
			isa = PBXGroup;
			children = (
				683072B22C6E964C6ECA9A10 /* ignore.h */,
			);
			name = PBLocalhost;
			sourceTree = "<group>";
		};
		4F71646E03E3E925E05932F4 /* PBLiveLoader */ = {
			isa = PBXGroup;
			children = (
				4DB9C5266311B31DF62880E9 /* NSInputStream+Reader.m */,
				8784DA43633E389DE979A138 /* PBLLRemoteWatcher.m */,
				EB50673C6995039DB4F0215D /* PBLiveLoader.m */,
				06EC0B79B25C47D4F34216AF /* PBLLInspectorController.m */,
				60EB3AD01943F02BC4FFDC95 /* PBDirectoryWatcher.m */,
				87845B66B092F3E069DD03DF /* PBLLInspector.h */,
				5A14B0B0BA76FE557837A5E6 /* PBLLRemoteWatcher.h */,
				C68C26B8C64A02C3E2D37483 /* NSInputStream+Reader.h */,
				315ECDCD78D3A1598F4886E2 /* PBDirectoryWatcher.h */,
				0B8712CCCA7BC80B709BCC46 /* PBLLInspectorController.h */,
				439758251D9A88584AEAAEE1 /* PBLiveLoader.h */,
				57426020ED3024191348E253 /* PBLLInspector.m */,
				8D43472D8A8334EA6756F37A /* PBSimulatorEnviroment.h */,
			);
			name = PBLiveLoader;
			sourceTree = SOURCE_ROOT;
		};
		6003F581195388D10070C39A = {
			isa = PBXGroup;
			children = (
				60FF7A9C1954A5C5007DD14C /* Podspec Metadata */,
				6003F593195388D20070C39A /* Example for PBKit */,
				6003F5B5195388D20070C39A /* Tests */,
				6003F58C195388D20070C39A /* Frameworks */,
				6003F58B195388D20070C39A /* Products */,
				DA77BEB6A9C2C6D1C2F1A565 /* Pods */,
				4F71646E03E3E925E05932F4 /* PBLiveLoader */,
				46AC141A2C254698B201B033 /* PBLocalhost */,
			);
			sourceTree = "<group>";
		};
		6003F58B195388D20070C39A /* Products */ = {
			isa = PBXGroup;
			children = (
				6003F58A195388D20070C39A /* PBKit_Example.app */,
				6003F5AE195388D20070C39A /* PBKit_Tests.xctest */,
			);
			name = Products;
			sourceTree = "<group>";
		};
		6003F58C195388D20070C39A /* Frameworks */ = {
			isa = PBXGroup;
			children = (
				6003F58D195388D20070C39A /* Foundation.framework */,
				6003F58F195388D20070C39A /* CoreGraphics.framework */,
				6003F591195388D20070C39A /* UIKit.framework */,
				6003F5AF195388D20070C39A /* XCTest.framework */,
				D5F79C7130869A48C8A9EAF5 /* Pods_PBKit_Example.framework */,
				318AC3B8CC81F9454DFD4329 /* Pods_PBKit_Tests.framework */,
			);
			name = Frameworks;
			sourceTree = "<group>";
		};
		6003F593195388D20070C39A /* Example for PBKit */ = {
			isa = PBXGroup;
			children = (
				F85237B2204B0BF400E498FB /* plist */,
				F85237A4204AE68F00E498FB /* anim */,
				6003F59C195388D20070C39A /* PBAppDelegate.h */,
				6003F59D195388D20070C39A /* PBAppDelegate.m */,
				873B8AEA1B1F5CCA007FD442 /* Main.storyboard */,
				F89500B81D877B710038A3E5 /* PBDropdown.plist */,
				6003F5A5195388D20070C39A /* PBExampleViewController.h */,
				6003F5A6195388D20070C39A /* PBExampleViewController.m */,
				6003F5A8195388D20070C39A /* Images.xcassets */,
				6003F594195388D20070C39A /* Supporting Files */,
			);
			name = "Example for PBKit";
			path = PBKit;
			sourceTree = "<group>";
		};
		6003F594195388D20070C39A /* Supporting Files */ = {
			isa = PBXGroup;
			children = (
				6003F595195388D20070C39A /* PBKit-Info.plist */,
				6003F596195388D20070C39A /* InfoPlist.strings */,
				6003F599195388D20070C39A /* main.m */,
				6003F59B195388D20070C39A /* PBKit-Prefix.pch */,
			);
			name = "Supporting Files";
			sourceTree = "<group>";
		};
		6003F5B5195388D20070C39A /* Tests */ = {
			isa = PBXGroup;
			children = (
				6003F5BB195388D20070C39A /* Tests.m */,
				6003F5B6195388D20070C39A /* Supporting Files */,
			);
			path = Tests;
			sourceTree = "<group>";
		};
		6003F5B6195388D20070C39A /* Supporting Files */ = {
			isa = PBXGroup;
			children = (
				6003F5B7195388D20070C39A /* Tests-Info.plist */,
				6003F5B8195388D20070C39A /* InfoPlist.strings */,
				606FC2411953D9B200FFA9A0 /* Tests-Prefix.pch */,
			);
			name = "Supporting Files";
			sourceTree = "<group>";
		};
		60FF7A9C1954A5C5007DD14C /* Podspec Metadata */ = {
			isa = PBXGroup;
			children = (
				5F4BD8408EF317DF3CF06C9D /* PBKit.podspec */,
				5EB58A61811D272EE32235B6 /* README.md */,
				E209452A476CD14D9B7450D2 /* LICENSE */,
			);
			name = "Podspec Metadata";
			sourceTree = "<group>";
		};
		DA77BEB6A9C2C6D1C2F1A565 /* Pods */ = {
			isa = PBXGroup;
			children = (
				9BD79D831155523CB3E87B9C /* Pods-PBKit_Example.debug.xcconfig */,
				17811D383F1D1D927B3D2AF0 /* Pods-PBKit_Example.release.xcconfig */,
			);
			name = Pods;
			sourceTree = "<group>";
		};
		F85237A4204AE68F00E498FB /* anim */ = {
			isa = PBXGroup;
			children = (
				F85237A5204AE6A300E498FB /* example.anim.action.plist */,
				F85237A7204AE6D400E498FB /* anim.zoom.in.plist */,
				F85237A9204AE74D00E498FB /* anim.move.right.plist */,
				F85237AB204AE83000E498FB /* anim.zoom.out.plist */,
				F85237AD204AE88D00E498FB /* anim.move.left.plist */,
				F85237AF204AF02700E498FB /* anim.transition.plist */,
			);
			name = anim;
			sourceTree = "<group>";
		};
		F85237B2204B0BF400E498FB /* plist */ = {
			isa = PBXGroup;
			children = (
				F85237B3204B0C0400E498FB /* anim */,
				F85237B4204B0C1E00E498FB /* view.example.plist */,
			);
			path = plist;
			sourceTree = "<group>";
		};
		F85237B3204B0C0400E498FB /* anim */ = {
			isa = PBXGroup;
			children = (
			);
			path = anim;
			sourceTree = "<group>";
		};
/* End PBXGroup section */

/* Begin PBXHeadersBuildPhase section */
		79D15F4C604ACED2C2F46B76 /* Headers */ = {
			isa = PBXHeadersBuildPhase;
			buildActionMask = 2147483647;
			files = (
				F9D21C9B25CAD9271A357128 /* PBLLInspector.h in Headers */,
				882480C2505BA8DAA48348F0 /* PBLLRemoteWatcher.h in Headers */,
				7FA643CFF780060E96B5DB4E /* NSInputStream+Reader.h in Headers */,
				14433CF8D165B5D08588DD2D /* PBDirectoryWatcher.h in Headers */,
				4390AE2D65FFA48A6F9C7673 /* PBLLInspectorController.h in Headers */,
				8C81F0B941433E8D2E2E82FD /* PBLiveLoader.h in Headers */,
				70A2C7E1055FEB7D6AC8A95B /* PBSimulatorEnviroment.h in Headers */,
				E5198386C8A26A97C25C64ED /* ignore.h in Headers */,
			);
			runOnlyForDeploymentPostprocessing = 0;
		};
/* End PBXHeadersBuildPhase section */

/* Begin PBXNativeTarget section */
		6003F589195388D20070C39A /* PBKit_Example */ = {
			isa = PBXNativeTarget;
			buildConfigurationList = 6003F5BF195388D20070C39A /* Build configuration list for PBXNativeTarget "PBKit_Example" */;
			buildPhases = (
				6C5D865E2A50AA99C84BB979 /* [CP] Check Pods Manifest.lock */,
				6003F586195388D20070C39A /* Sources */,
				6003F587195388D20070C39A /* Frameworks */,
				6003F588195388D20070C39A /* Resources */,
				0391C69F0EFCD227FD202139 /* [CP] Embed Pods Frameworks */,
				7DFF4F8EEB63E221BE9993EA /* [CP] Copy Pods Resources */,
				79D15F4C604ACED2C2F46B76 /* Headers */,
			);
			buildRules = (
			);
			dependencies = (
			);
			name = PBKit_Example;
			productName = PBKit;
			productReference = 6003F58A195388D20070C39A /* PBKit_Example.app */;
			productType = "com.apple.product-type.application";
		};
		6003F5AD195388D20070C39A /* PBKit_Tests */ = {
			isa = PBXNativeTarget;
			buildConfigurationList = 6003F5C2195388D20070C39A /* Build configuration list for PBXNativeTarget "PBKit_Tests" */;
			buildPhases = (
				6003F5AA195388D20070C39A /* Sources */,
				6003F5AB195388D20070C39A /* Frameworks */,
				6003F5AC195388D20070C39A /* Resources */,
			);
			buildRules = (
			);
			dependencies = (
				6003F5B4195388D20070C39A /* PBXTargetDependency */,
			);
			name = PBKit_Tests;
			productName = PBKitTests;
			productReference = 6003F5AE195388D20070C39A /* PBKit_Tests.xctest */;
			productType = "com.apple.product-type.bundle.unit-test";
		};
/* End PBXNativeTarget section */

/* Begin PBXProject section */
		6003F582195388D10070C39A /* Project object */ = {
			isa = PBXProject;
			attributes = {
				CLASSPREFIX = PB;
				LastUpgradeCheck = 0720;
				ORGANIZATIONNAME = galenlin;
				TargetAttributes = {
					6003F589195388D20070C39A = {
						DevelopmentTeam = 7ZUFDE47JA;
					};
					6003F5AD195388D20070C39A = {
						LastSwiftMigration = 0820;
						TestTargetID = 6003F589195388D20070C39A;
					};
				};
			};
			buildConfigurationList = 6003F585195388D10070C39A /* Build configuration list for PBXProject "PBKit" */;
			compatibilityVersion = "Xcode 3.2";
			developmentRegion = English;
			hasScannedForEncodings = 0;
			knownRegions = (
				en,
				Base,
			);
			mainGroup = 6003F581195388D10070C39A;
			productRefGroup = 6003F58B195388D20070C39A /* Products */;
			projectDirPath = "";
			projectRoot = "";
			targets = (
				6003F589195388D20070C39A /* PBKit_Example */,
				6003F5AD195388D20070C39A /* PBKit_Tests */,
			);
		};
/* End PBXProject section */

/* Begin PBXResourcesBuildPhase section */
		6003F588195388D20070C39A /* Resources */ = {
			isa = PBXResourcesBuildPhase;
			buildActionMask = 2147483647;
			files = (
				873B8AEB1B1F5CCA007FD442 /* Main.storyboard in Resources */,
				F85237AA204AE74D00E498FB /* anim.move.right.plist in Resources */,
				F89500B91D877B710038A3E5 /* PBDropdown.plist in Resources */,
				F85237AC204AE83000E498FB /* anim.zoom.out.plist in Resources */,
				F85237A6204AE6A300E498FB /* example.anim.action.plist in Resources */,
				F85237B0204AF02700E498FB /* anim.transition.plist in Resources */,
				6003F5A9195388D20070C39A /* Images.xcassets in Resources */,
				6003F598195388D20070C39A /* InfoPlist.strings in Resources */,
				F85237A8204AE6D400E498FB /* anim.zoom.in.plist in Resources */,
				F85237B5204B0C1E00E498FB /* view.example.plist in Resources */,
				F85237AE204AE88D00E498FB /* anim.move.left.plist in Resources */,
			);
			runOnlyForDeploymentPostprocessing = 0;
		};
		6003F5AC195388D20070C39A /* Resources */ = {
			isa = PBXResourcesBuildPhase;
			buildActionMask = 2147483647;
			files = (
				6003F5BA195388D20070C39A /* InfoPlist.strings in Resources */,
			);
			runOnlyForDeploymentPostprocessing = 0;
		};
/* End PBXResourcesBuildPhase section */

/* Begin PBXShellScriptBuildPhase section */
		0391C69F0EFCD227FD202139 /* [CP] Embed Pods Frameworks */ = {
			isa = PBXShellScriptBuildPhase;
			buildActionMask = 2147483647;
			files = (
			);
			inputPaths = (
				"${SRCROOT}/Pods/Target Support Files/Pods-PBKit_Example/Pods-PBKit_Example-frameworks.sh",
				"${BUILT_PRODUCTS_DIR}/PBKit/PBKit.framework",
				"${BUILT_PRODUCTS_DIR}/Pbind/Pbind.framework",
			);
			name = "[CP] Embed Pods Frameworks";
			outputPaths = (
				"${TARGET_BUILD_DIR}/${FRAMEWORKS_FOLDER_PATH}/PBKit.framework",
				"${TARGET_BUILD_DIR}/${FRAMEWORKS_FOLDER_PATH}/Pbind.framework",
			);
			runOnlyForDeploymentPostprocessing = 0;
			shellPath = /bin/sh;
			shellScript = "\"${SRCROOT}/Pods/Target Support Files/Pods-PBKit_Example/Pods-PBKit_Example-frameworks.sh\"\n";
			showEnvVarsInLog = 0;
		};
		6C5D865E2A50AA99C84BB979 /* [CP] Check Pods Manifest.lock */ = {
			isa = PBXShellScriptBuildPhase;
			buildActionMask = 2147483647;
			files = (
			);
			inputPaths = (
				"${PODS_PODFILE_DIR_PATH}/Podfile.lock",
				"${PODS_ROOT}/Manifest.lock",
			);
			name = "[CP] Check Pods Manifest.lock";
			outputPaths = (
				"$(DERIVED_FILE_DIR)/Pods-PBKit_Example-checkManifestLockResult.txt",
			);
			runOnlyForDeploymentPostprocessing = 0;
			shellPath = /bin/sh;
			shellScript = "diff \"${PODS_PODFILE_DIR_PATH}/Podfile.lock\" \"${PODS_ROOT}/Manifest.lock\" > /dev/null\nif [ $? != 0 ] ; then\n    # print error to STDERR\n    echo \"error: The sandbox is not in sync with the Podfile.lock. Run 'pod install' or update your CocoaPods installation.\" >&2\n    exit 1\nfi\n# This output is used by Xcode 'outputs' to avoid re-running this script phase.\necho \"SUCCESS\" > \"${SCRIPT_OUTPUT_FILE_0}\"\n";
			showEnvVarsInLog = 0;
		};
		7DFF4F8EEB63E221BE9993EA /* [CP] Copy Pods Resources */ = {
			isa = PBXShellScriptBuildPhase;
			buildActionMask = 2147483647;
			files = (
			);
			inputPaths = (
			);
			name = "[CP] Copy Pods Resources";
			outputPaths = (
			);
			runOnlyForDeploymentPostprocessing = 0;
			shellPath = /bin/sh;
			shellScript = "\"${SRCROOT}/Pods/Target Support Files/Pods-PBKit_Example/Pods-PBKit_Example-resources.sh\"\n";
			showEnvVarsInLog = 0;
		};
/* End PBXShellScriptBuildPhase section */

/* Begin PBXSourcesBuildPhase section */
		6003F586195388D20070C39A /* Sources */ = {
			isa = PBXSourcesBuildPhase;
			buildActionMask = 2147483647;
			files = (
				6003F59E195388D20070C39A /* PBAppDelegate.m in Sources */,
				6003F5A7195388D20070C39A /* PBExampleViewController.m in Sources */,
				6003F59A195388D20070C39A /* main.m in Sources */,
				2162671B6DF70C87773BDF0A /* NSInputStream+Reader.m in Sources */,
				1FD9E2C1D7A7E2463AABAF89 /* PBLLRemoteWatcher.m in Sources */,
				5EC7AB6102C91C5F8B7EE2FC /* PBLiveLoader.m in Sources */,
				BF0E5048D417F0308987EB50 /* PBLLInspectorController.m in Sources */,
				3CBB5A6DED2401BAFD8F16C5 /* PBDirectoryWatcher.m in Sources */,
				41F33EC45547CB9C814683DC /* PBLLInspector.m in Sources */,
			);
			runOnlyForDeploymentPostprocessing = 0;
		};
		6003F5AA195388D20070C39A /* Sources */ = {
			isa = PBXSourcesBuildPhase;
			buildActionMask = 2147483647;
			files = (
				6003F5BC195388D20070C39A /* Tests.m in Sources */,
			);
			runOnlyForDeploymentPostprocessing = 0;
		};
/* End PBXSourcesBuildPhase section */

/* Begin PBXTargetDependency section */
		6003F5B4195388D20070C39A /* PBXTargetDependency */ = {
			isa = PBXTargetDependency;
			target = 6003F589195388D20070C39A /* PBKit_Example */;
			targetProxy = 6003F5B3195388D20070C39A /* PBXContainerItemProxy */;
		};
/* End PBXTargetDependency section */

/* Begin PBXVariantGroup section */
		6003F596195388D20070C39A /* InfoPlist.strings */ = {
			isa = PBXVariantGroup;
			children = (
				6003F597195388D20070C39A /* en */,
			);
			name = InfoPlist.strings;
			sourceTree = "<group>";
		};
		6003F5B8195388D20070C39A /* InfoPlist.strings */ = {
			isa = PBXVariantGroup;
			children = (
				6003F5B9195388D20070C39A /* en */,
			);
			name = InfoPlist.strings;
			sourceTree = "<group>";
		};
/* End PBXVariantGroup section */

/* Begin XCBuildConfiguration section */
		6003F5BD195388D20070C39A /* Debug */ = {
			isa = XCBuildConfiguration;
			buildSettings = {
				ALWAYS_SEARCH_USER_PATHS = NO;
				CLANG_CXX_LANGUAGE_STANDARD = "gnu++0x";
				CLANG_CXX_LIBRARY = "libc++";
				CLANG_ENABLE_MODULES = YES;
				CLANG_ENABLE_OBJC_ARC = YES;
				CLANG_WARN_BOOL_CONVERSION = YES;
				CLANG_WARN_CONSTANT_CONVERSION = YES;
				CLANG_WARN_DIRECT_OBJC_ISA_USAGE = YES_ERROR;
				CLANG_WARN_EMPTY_BODY = YES;
				CLANG_WARN_ENUM_CONVERSION = YES;
				CLANG_WARN_INT_CONVERSION = YES;
				CLANG_WARN_OBJC_ROOT_CLASS = YES_ERROR;
				CLANG_WARN__DUPLICATE_METHOD_MATCH = YES;
				"CODE_SIGN_IDENTITY[sdk=iphoneos*]" = "iPhone Developer";
				COPY_PHASE_STRIP = NO;
				ENABLE_TESTABILITY = YES;
				GCC_C_LANGUAGE_STANDARD = gnu99;
				GCC_DYNAMIC_NO_PIC = NO;
				GCC_OPTIMIZATION_LEVEL = 0;
				GCC_PREPROCESSOR_DEFINITIONS = (
					"DEBUG=1",
					"$(inherited)",
				);
				GCC_SYMBOLS_PRIVATE_EXTERN = NO;
				GCC_WARN_64_TO_32_BIT_CONVERSION = YES;
				GCC_WARN_ABOUT_RETURN_TYPE = YES_ERROR;
				GCC_WARN_UNDECLARED_SELECTOR = YES;
				GCC_WARN_UNINITIALIZED_AUTOS = YES_AGGRESSIVE;
				GCC_WARN_UNUSED_FUNCTION = YES;
				GCC_WARN_UNUSED_VARIABLE = YES;
				IPHONEOS_DEPLOYMENT_TARGET = 8.3;
				ONLY_ACTIVE_ARCH = YES;
				SDKROOT = iphoneos;
				TARGETED_DEVICE_FAMILY = "1,2";
			};
			name = Debug;
		};
		6003F5BE195388D20070C39A /* Release */ = {
			isa = XCBuildConfiguration;
			buildSettings = {
				ALWAYS_SEARCH_USER_PATHS = NO;
				CLANG_CXX_LANGUAGE_STANDARD = "gnu++0x";
				CLANG_CXX_LIBRARY = "libc++";
				CLANG_ENABLE_MODULES = YES;
				CLANG_ENABLE_OBJC_ARC = YES;
				CLANG_WARN_BOOL_CONVERSION = YES;
				CLANG_WARN_CONSTANT_CONVERSION = YES;
				CLANG_WARN_DIRECT_OBJC_ISA_USAGE = YES_ERROR;
				CLANG_WARN_EMPTY_BODY = YES;
				CLANG_WARN_ENUM_CONVERSION = YES;
				CLANG_WARN_INT_CONVERSION = YES;
				CLANG_WARN_OBJC_ROOT_CLASS = YES_ERROR;
				CLANG_WARN__DUPLICATE_METHOD_MATCH = YES;
				"CODE_SIGN_IDENTITY[sdk=iphoneos*]" = "iPhone Developer";
				COPY_PHASE_STRIP = YES;
				ENABLE_NS_ASSERTIONS = NO;
				GCC_C_LANGUAGE_STANDARD = gnu99;
				GCC_WARN_64_TO_32_BIT_CONVERSION = YES;
				GCC_WARN_ABOUT_RETURN_TYPE = YES_ERROR;
				GCC_WARN_UNDECLARED_SELECTOR = YES;
				GCC_WARN_UNINITIALIZED_AUTOS = YES_AGGRESSIVE;
				GCC_WARN_UNUSED_FUNCTION = YES;
				GCC_WARN_UNUSED_VARIABLE = YES;
				IPHONEOS_DEPLOYMENT_TARGET = 8.3;
				SDKROOT = iphoneos;
				TARGETED_DEVICE_FAMILY = "1,2";
				VALIDATE_PRODUCT = YES;
			};
			name = Release;
		};
		6003F5C0195388D20070C39A /* Debug */ = {
			isa = XCBuildConfiguration;
			baseConfigurationReference = 9BD79D831155523CB3E87B9C /* Pods-PBKit_Example.debug.xcconfig */;
			buildSettings = {
				ASSETCATALOG_COMPILER_APPICON_NAME = AppIcon;
				ASSETCATALOG_COMPILER_LAUNCHIMAGE_NAME = LaunchImage;
				DEVELOPMENT_TEAM = 7ZUFDE47JA;
				GCC_PRECOMPILE_PREFIX_HEADER = YES;
				GCC_PREFIX_HEADER = "PBKit/PBKit-Prefix.pch";
				INFOPLIST_FILE = "PBKit/PBKit-Info.plist";
				MODULE_NAME = ExampleApp;
				PRODUCT_BUNDLE_IDENTIFIER = "org.cocoapods.demo.${PRODUCT_NAME:rfc1034identifier}";
				PRODUCT_NAME = "$(TARGET_NAME)";
				WRAPPER_EXTENSION = app;
			};
			name = Debug;
		};
		6003F5C1195388D20070C39A /* Release */ = {
			isa = XCBuildConfiguration;
			baseConfigurationReference = 17811D383F1D1D927B3D2AF0 /* Pods-PBKit_Example.release.xcconfig */;
			buildSettings = {
				ASSETCATALOG_COMPILER_APPICON_NAME = AppIcon;
				ASSETCATALOG_COMPILER_LAUNCHIMAGE_NAME = LaunchImage;
				DEVELOPMENT_TEAM = 7ZUFDE47JA;
				GCC_PRECOMPILE_PREFIX_HEADER = YES;
				GCC_PREFIX_HEADER = "PBKit/PBKit-Prefix.pch";
				INFOPLIST_FILE = "PBKit/PBKit-Info.plist";
				MODULE_NAME = ExampleApp;
				PRODUCT_BUNDLE_IDENTIFIER = "org.cocoapods.demo.${PRODUCT_NAME:rfc1034identifier}";
				PRODUCT_NAME = "$(TARGET_NAME)";
				WRAPPER_EXTENSION = app;
			};
			name = Release;
		};
		6003F5C3195388D20070C39A /* Debug */ = {
			isa = XCBuildConfiguration;
			buildSettings = {
				BUNDLE_LOADER = "$(TEST_HOST)";
				FRAMEWORK_SEARCH_PATHS = (
					"$(SDKROOT)/Developer/Library/Frameworks",
					"$(inherited)",
					"$(DEVELOPER_FRAMEWORKS_DIR)",
				);
				GCC_PRECOMPILE_PREFIX_HEADER = YES;
				GCC_PREFIX_HEADER = "Tests/Tests-Prefix.pch";
				GCC_PREPROCESSOR_DEFINITIONS = (
					"DEBUG=1",
					"$(inherited)",
				);
				INFOPLIST_FILE = "Tests/Tests-Info.plist";
				PRODUCT_BUNDLE_IDENTIFIER = "org.cocoapods.demo.${PRODUCT_NAME:rfc1034identifier}";
				PRODUCT_NAME = "$(TARGET_NAME)";
				SWIFT_VERSION = 3.0;
				TEST_HOST = "$(BUILT_PRODUCTS_DIR)/PBKit_Example.app/PBKit_Example";
				WRAPPER_EXTENSION = xctest;
			};
			name = Debug;
		};
		6003F5C4195388D20070C39A /* Release */ = {
			isa = XCBuildConfiguration;
			buildSettings = {
				BUNDLE_LOADER = "$(TEST_HOST)";
				FRAMEWORK_SEARCH_PATHS = (
					"$(SDKROOT)/Developer/Library/Frameworks",
					"$(inherited)",
					"$(DEVELOPER_FRAMEWORKS_DIR)",
				);
				GCC_PRECOMPILE_PREFIX_HEADER = YES;
				GCC_PREFIX_HEADER = "Tests/Tests-Prefix.pch";
				INFOPLIST_FILE = "Tests/Tests-Info.plist";
				PRODUCT_BUNDLE_IDENTIFIER = "org.cocoapods.demo.${PRODUCT_NAME:rfc1034identifier}";
				PRODUCT_NAME = "$(TARGET_NAME)";
				SWIFT_VERSION = 3.0;
				TEST_HOST = "$(BUILT_PRODUCTS_DIR)/PBKit_Example.app/PBKit_Example";
				WRAPPER_EXTENSION = xctest;
			};
			name = Release;
		};
/* End XCBuildConfiguration section */

/* Begin XCConfigurationList section */
		6003F585195388D10070C39A /* Build configuration list for PBXProject "PBKit" */ = {
			isa = XCConfigurationList;
			buildConfigurations = (
				6003F5BD195388D20070C39A /* Debug */,
				6003F5BE195388D20070C39A /* Release */,
			);
			defaultConfigurationIsVisible = 0;
			defaultConfigurationName = Release;
		};
		6003F5BF195388D20070C39A /* Build configuration list for PBXNativeTarget "PBKit_Example" */ = {
			isa = XCConfigurationList;
			buildConfigurations = (
				6003F5C0195388D20070C39A /* Debug */,
				6003F5C1195388D20070C39A /* Release */,
			);
			defaultConfigurationIsVisible = 0;
			defaultConfigurationName = Release;
		};
		6003F5C2195388D20070C39A /* Build configuration list for PBXNativeTarget "PBKit_Tests" */ = {
			isa = XCConfigurationList;
			buildConfigurations = (
				6003F5C3195388D20070C39A /* Debug */,
				6003F5C4195388D20070C39A /* Release */,
			);
			defaultConfigurationIsVisible = 0;
			defaultConfigurationName = Release;
		};
/* End XCConfigurationList section */
	};
	rootObject = 6003F582195388D10070C39A /* Project object */;
}
